<Solution>
  <Folder Name="/src/">
    <Project Path="src/TodoApp.Application/TodoApp.Application.csproj" />
    <Project Path="src/TodoApp.Domain/TodoApp.Domain.csproj" />
    <Project Path="src/TodoApp.Infrastructure/TodoApp.Infrastructure.csproj" />
    <Project Path="src/TodoApp.Web/TodoApp.Web.csproj" />
  </Folder>
  <Folder Name="/tests/">
    <Project Path="tests/TodoApp.Web.Tests/TodoApp.Web.Tests.csproj" />
  </Folder>
</Solution>
